
Microsoft Visual Studio Solution File, Format Version 12.00
# Visual Studio Version 17
VisualStudioVersion = 17.5.33502.453
MinimumVisualStudioVersion = 10.0.40219.1
Project("{FAE04EC0-301F-11D3-BF4B-00C04F79EFBC}") = "CURD Operation", "CURD Operation.csproj", "{4EA720E1-934F-4D20-8452-BC3DB5BD4BF9}"
EndProject
Global
	GlobalSection(SolutionConfigurationPlatforms) = preSolution
		Debug|Any CPU = Debug|Any CPU
		Release|Any CPU = Release|Any CPU
	EndGlobalSection
	GlobalSection(ProjectConfigurationPlatforms) = postSolution
		{4EA720E1-934F-4D20-8452-BC3DB5BD4BF9}.Debug|Any CPU.ActiveCfg = Debug|Any CPU
		{4EA720E1-934F-4D20-8452-BC3DB5BD4BF9}.Debug|Any CPU.Build.0 = Debug|Any CPU
		{4EA720E1-934F-4D20-8452-BC3DB5BD4BF9}.Release|Any CPU.ActiveCfg = Release|Any CPU
		{4EA720E1-934F-4D20-8452-BC3DB5BD4BF9}.Release|Any CPU.Build.0 = Release|Any CPU
	EndGlobalSection
	GlobalSection(SolutionProperties) = preSolution
		HideSolutionNode = FALSE
	EndGlobalSection
	GlobalSection(ExtensibilityGlobals) = postSolution
		SolutionGuid = {22C8EB84-8E23-4757-BB38-A7262A0A9551}
	EndGlobalSection
EndGlobal
